{
  "requires": true,
  "lockfileVersion": 1,
  "dependencies": {
    "@microsoft/microsoft-graph-types": {
      "version": "2.26.0",
      "resolved": "https://registry.npmjs.org/@microsoft/microsoft-graph-types/-/microsoft-graph-types-2.26.0.tgz",
      "integrity": "sha512-ABYHb80BRF5Sjo1CdbRdZpI4O0Jal85XVAGmTfnpSMOjUZi0HkESHP+oajVsPSQJyRTjEKrbneUC2qheBBdQGg=="
    },
    "@pnp/core": {
      "version": "3.14.0",
      "resolved": "https://registry.npmjs.org/@pnp/core/-/core-3.14.0.tgz",
      "integrity": "sha512-Y2ne4xHHc9YpF6TtgYw88SAqyRNYtTSKYfwUKJkNMtEkC8jVaEPGBlD5LjEtbEXWdO5Qc14MWi82RiYtWkizYQ==",
      "requires": {
        "tslib": "2.4.1"
      }
    },
    "@pnp/graph": {
      "version": "3.14.0",
      "resolved": "https://registry.npmjs.org/@pnp/graph/-/graph-3.14.0.tgz",
      "integrity": "sha512-mkinodSnf+AnpGyA+pwMQ9GnbAF4bCA+SY6OoKFHO0JLaTaLB5GS7+oj8o01N0WjHIIRmdFla9cpDBp+TZ2eCw==",
      "requires": {
        "@microsoft/microsoft-graph-types": "2.26.0",
        "@pnp/core": "3.14.0",
        "@pnp/queryable": "3.14.0",
        "tslib": "2.4.1"
      }
    },
    "@pnp/logging": {
      "version": "3.14.0",
      "resolved": "https://registry.npmjs.org/@pnp/logging/-/logging-3.14.0.tgz",
      "integrity": "sha512-jOcO/3V7EwYjaOZFlCgftZHIsttcjp3LYT816y+iU3DIIOgYvtTPNSHiV5M7DXEY+aPKppBSfU9g70kd66GfEQ==",
      "requires": {
        "tslib": "2.4.1"
      }
    },
    "@pnp/queryable": {
      "version": "3.14.0",
      "resolved": "https://registry.npmjs.org/@pnp/queryable/-/queryable-3.14.0.tgz",
      "integrity": "sha512-lmxp99tGfXDqqqyWnCxUUGXMYz+OGyF3+/OvkHgCYtSo7o38l7Y/1MLGz3S2AYPLaHQraFhBAfKCTitEfzh8CQ==",
      "requires": {
        "@pnp/core": "3.14.0",
        "tslib": "2.4.1"
      }
    },
    "@pnp/sp": {
      "version": "3.14.0",
      "resolved": "https://registry.npmjs.org/@pnp/sp/-/sp-3.14.0.tgz",
      "integrity": "sha512-vk++j/OT7rdZ1hz7f/eeuS6Ra3MXleyk6VzG83PcPqvCJ9X7M3TCaN8NFaiXE12BRGbFGOAVtlMGOsCSJ2hJdg==",
      "requires": {
        "@pnp/core": "3.14.0",
        "@pnp/queryable": "3.14.0",
        "tslib": "2.4.1"
      }
    },
    "tslib": {
      "version": "2.4.1",
      "resolved": "https://registry.npmjs.org/tslib/-/tslib-2.4.1.tgz",
      "integrity": "sha512-tGyy4dAjRIEwI7BzsB0lynWgOpfqjUdq91XXAlIWD2OwKBH7oCl/GZG/HT4BOHrTlPMOASlMQ7veyTqpmRcrNA=="
    }
  }
}
